{
  "name": "test",
  "version": "1.0.0",
  "lockfileVersion": 1,
  "requires": true,
  "dependencies": {
    "taro-plugin-build": {
      "version": "0.0.13-alpha.0",
      "resolved": "https://registry.nlark.com/taro-plugin-build/download/taro-plugin-build-0.0.13-alpha.0.tgz",
      "integrity": "sha1-DyDWEjd+9JcKOxiMTrAWFfXUrcw="
    },
    "vue": {
      "version": "2.6.14",
      "resolved": "https://registry.nlark.com/vue/download/vue-2.6.14.tgz?cache=0&sync_timestamp=1629217665911&other_urls=https%3A%2F%2Fregistry.nlark.com%2Fvue%2Fdownload%2Fvue-2.6.14.tgz",
      "integrity": "sha1-5RqlJQJQ1Wmj+606ilpofWA24jU="
    },
    "vue-prevent-browser-back": {
      "version": "1.0.5",
      "resolved": "https://registry.nlark.com/vue-prevent-browser-back/download/vue-prevent-browser-back-1.0.5.tgz",
      "integrity": "sha1-ZFEwMSxmTk1VmKKPN1tnKhEGPmY=",
      "requires": {
        "vue": "^2.5.11"
      }
    }
  }
}
